Microsoft Visual Studio Solution File, Format Version 12.00
# Visual Studio Version 17
VisualStudioVersion = 17.0.31903.59
MinimumVisualStudioVersion = 10.0.40219.1
Project("{9A19103F-16F7-4668-BE54-9A1E7A4F7556}") = "HomeworkApp", "src\HomeworkApp\HomeworkApp.csproj", "{3DBECF9F-F9B1-451F-8DB3-FEEF7F3A41F6}"
EndProject
Project("{2150E333-8FDC-42A3-9474-1A3956D46DE8}") = "src", "src", "{F713B26E-84BA-40F3-822F-28F66CB87C66}"
EndProject
Project("{9A19103F-16F7-4668-BE54-9A1E7A4F7556}") = "HomeworkApp.Proto", "src\HomeworkApp.Proto\HomeworkApp.Proto.csproj", "{12042BD0-AC06-4044-BCA1-6FF0751003CD}"
EndProject
Project("{9A19103F-16F7-4668-BE54-9A1E7A4F7556}") = "HomeworkApp.Dal", "src\HomeworkApp.Dal\HomeworkApp.Dal.csproj", "{5E796A80-C122-43D9-876E-9FFCCD37A6FE}"
EndProject
Project("{2150E333-8FDC-42A3-9474-1A3956D46DE8}") = "tests", "tests", "{FA1F6E3C-0C90-4F1F-BA9E-991D9EA7B831}"
EndProject
Project("{9A19103F-16F7-4668-BE54-9A1E7A4F7556}") = "HomeworkApp.IntegrationTests", "tests\HomeworkApp.IntegrationTests\HomeworkApp.IntegrationTests.csproj", "{AF2374C9-1701-447A-92DC-24FE1247303B}"
EndProject
Project("{9A19103F-16F7-4668-BE54-9A1E7A4F7556}") = "HomeworkApp.Bll", "src\HomeworkApp.Bll\HomeworkApp.Bll.csproj", "{03452615-FCB4-42C6-9EBF-48CFE58184E4}"
EndProject
Project("{9A19103F-16F7-4668-BE54-9A1E7A4F7556}") = "UnitTests", "UnitTests\UnitTests.csproj", "{DB41428F-3354-4801-81A9-92A58E4F5796}"
EndProject
Global
	GlobalSection(SolutionConfigurationPlatforms) = preSolution
		Debug|Any CPU = Debug|Any CPU
		Release|Any CPU = Release|Any CPU
	EndGlobalSection
	GlobalSection(ProjectConfigurationPlatforms) = postSolution
		{3DBECF9F-F9B1-451F-8DB3-FEEF7F3A41F6}.Debug|Any CPU.ActiveCfg = Debug|Any CPU
		{3DBECF9F-F9B1-451F-8DB3-FEEF7F3A41F6}.Debug|Any CPU.Build.0 = Debug|Any CPU
		{3DBECF9F-F9B1-451F-8DB3-FEEF7F3A41F6}.Release|Any CPU.ActiveCfg = Release|Any CPU
		{3DBECF9F-F9B1-451F-8DB3-FEEF7F3A41F6}.Release|Any CPU.Build.0 = Release|Any CPU
		{12042BD0-AC06-4044-BCA1-6FF0751003CD}.Debug|Any CPU.ActiveCfg = Debug|Any CPU
		{12042BD0-AC06-4044-BCA1-6FF0751003CD}.Debug|Any CPU.Build.0 = Debug|Any CPU
		{12042BD0-AC06-4044-BCA1-6FF0751003CD}.Release|Any CPU.ActiveCfg = Release|Any CPU
		{12042BD0-AC06-4044-BCA1-6FF0751003CD}.Release|Any CPU.Build.0 = Release|Any CPU
		{5E796A80-C122-43D9-876E-9FFCCD37A6FE}.Debug|Any CPU.ActiveCfg = Debug|Any CPU
		{5E796A80-C122-43D9-876E-9FFCCD37A6FE}.Debug|Any CPU.Build.0 = Debug|Any CPU
		{5E796A80-C122-43D9-876E-9FFCCD37A6FE}.Release|Any CPU.ActiveCfg = Release|Any CPU
		{5E796A80-C122-43D9-876E-9FFCCD37A6FE}.Release|Any CPU.Build.0 = Release|Any CPU
		{AF2374C9-1701-447A-92DC-24FE1247303B}.Debug|Any CPU.ActiveCfg = Debug|Any CPU
		{AF2374C9-1701-447A-92DC-24FE1247303B}.Debug|Any CPU.Build.0 = Debug|Any CPU
		{AF2374C9-1701-447A-92DC-24FE1247303B}.Release|Any CPU.ActiveCfg = Release|Any CPU
		{AF2374C9-1701-447A-92DC-24FE1247303B}.Release|Any CPU.Build.0 = Release|Any CPU
		{03452615-FCB4-42C6-9EBF-48CFE58184E4}.Debug|Any CPU.ActiveCfg = Debug|Any CPU
		{03452615-FCB4-42C6-9EBF-48CFE58184E4}.Debug|Any CPU.Build.0 = Debug|Any CPU
		{03452615-FCB4-42C6-9EBF-48CFE58184E4}.Release|Any CPU.ActiveCfg = Release|Any CPU
		{03452615-FCB4-42C6-9EBF-48CFE58184E4}.Release|Any CPU.Build.0 = Release|Any CPU
		{DB41428F-3354-4801-81A9-92A58E4F5796}.Debug|Any CPU.ActiveCfg = Debug|Any CPU
		{DB41428F-3354-4801-81A9-92A58E4F5796}.Debug|Any CPU.Build.0 = Debug|Any CPU
		{DB41428F-3354-4801-81A9-92A58E4F5796}.Release|Any CPU.ActiveCfg = Release|Any CPU
		{DB41428F-3354-4801-81A9-92A58E4F5796}.Release|Any CPU.Build.0 = Release|Any CPU
	EndGlobalSection
	GlobalSection(SolutionProperties) = preSolution
		HideSolutionNode = FALSE
	EndGlobalSection
	GlobalSection(NestedProjects) = preSolution
		{3DBECF9F-F9B1-451F-8DB3-FEEF7F3A41F6} = {F713B26E-84BA-40F3-822F-28F66CB87C66}
		{12042BD0-AC06-4044-BCA1-6FF0751003CD} = {F713B26E-84BA-40F3-822F-28F66CB87C66}
		{5E796A80-C122-43D9-876E-9FFCCD37A6FE} = {F713B26E-84BA-40F3-822F-28F66CB87C66}
		{AF2374C9-1701-447A-92DC-24FE1247303B} = {FA1F6E3C-0C90-4F1F-BA9E-991D9EA7B831}
		{03452615-FCB4-42C6-9EBF-48CFE58184E4} = {F713B26E-84BA-40F3-822F-28F66CB87C66}
		{DB41428F-3354-4801-81A9-92A58E4F5796} = {FA1F6E3C-0C90-4F1F-BA9E-991D9EA7B831}
	EndGlobalSection
	GlobalSection(ExtensibilityGlobals) = postSolution
		SolutionGuid = {1C677986-29FC-476A-AE50-372742BA12F7}
	EndGlobalSection
EndGlobal
